{
  "lockfile-version": 1,
  "manifest": {
    "schema-version": "1.10.0",
    "install": {
      "beads": {
        "pkg-path": "beads"
      },
      "fd": {
        "pkg-path": "fd"
      },
      "git-crypt": {
        "pkg-path": "git-crypt"
      },
      "gitleaks": {
        "pkg-path": "gitleaks"
      },
      "jq": {
        "pkg-path": "jq"
      },
      "nodejs": {
        "pkg-path": "nodejs_24",
        "version": "24.19.0"
      },
      "prek": {
        "pkg-path": "prek"
      }
    },
    "hook": {
      "on-activate": "    # set -x\n    _PI_ROOT=\"${FLOX_ENV_PROJECT:?flox not activated!}\"\n\n    # pi supports PI_CODING_AGENT_DIR but few extensions do, and the docs are\n    # hard-coded. I'm just tired of fighting it.\n    if [ \"${_PI_ROOT}\" != \"${HOME}/.pi\" ]; then\n        echo \"‼️ The project is checked out to ${_PI_ROOT}, it should be at ~/.pi\"\n        exit 1\n    fi\n\n    # do the base install\n    [ -d \"${_PI_ROOT}/node_modules\" ] || ( cd \"${_PI_ROOT}\" && npm install )\n\n    # do after setting any PI_CODING_* vars but before PI_OFFLINE\n    if [ ! -e \"${FLOX_ENV_CACHE}/pi-did-update-extensions\" ]; then\n        ${_PI_ROOT}/node_modules/.bin/pi update --extensions\n        touch \"${FLOX_ENV_CACHE}/pi-did-update-extensions\"\n    fi\n\n    # disable all startup network operations described here, including update\n    # checks, package update checks, and install/update telemetry.\n    # export PI_OFFLINE=1\n\n    source \"${_PI_ROOT}/.env\"\n\n"
    },
    "options": {
      "systems": [
        "aarch64-darwin",
        "aarch64-linux",
        "x86_64-linux"
      ],
      "cuda-detection": false
    }
  },
  "packages": [
    {
      "attr_path": "beads",
      "broken": false,
      "derivation": "/nix/store/zryzsbhs07yryp1fainzq4pcjzm7xzq2-beads-1.0.3.drv",
      "description": "Lightweight memory system for AI coding agents with graph-based issue tracking",
      "install_id": "beads",
      "license": "MIT",
      "locked_url": "https://github.com/flox/nixpkgs?rev=56c02bc00adcf003215cc4bd996d6efaf4cff188",
      "name": "beads-1.0.3",
      "pname": "beads",
      "rev": "56c02bc00adcf003215cc4bd996d6efaf4cff188",
      "rev_count": 1060451,
      "rev_date": "2026-08-23T15:22:48Z",
      "scrape_date": "2026-08-25T04:56:36.576940Z",
      "stabilities": [
        "unstable"
      ],
      "unfree": false,
      "version": "1.0.3",
      "outputs_to_install": [
        "out"
      ],
      "outputs": {
        "out": "/nix/store/v76rnkcs66fpphacwwybmx44prf53hj5-beads-1.0.3"
      },
      "system": "aarch64-darwin",
      "group": "toplevel",
      "priority": 5
    },
    {
      "attr_path": "beads",
      "broken": false,
      "derivation": "/nix/store/aph2viblp368yx0xhv3nb7aya9cl44dh-beads-1.0.3.drv",
      "description": "Lightweight memory system for AI coding agents with graph-based issue tracking",
      "install_id": "beads",
      "license": "MIT",
      "locked_url": "https://github.com/flox/nixpkgs?rev=56c02bc00adcf003215cc4bd996d6efaf4cff188",
      "name": "beads-1.0.3",
      "pname": "beads",
      "rev": "56c02bc00adcf003215cc4bd996d6efaf4cff188",
      "rev_count": 1060451,
      "rev_date": "2026-08-23T15:22:48Z",
      "scrape_date": "2026-08-25T05:27:21.638334Z",
      "stabilities": [
        "unstable"
      ],
      "unfree": false,
      "version": "1.0.3",
      "outputs_to_install": [
        "out"
      ],
      "outputs": {
        "out": "/nix/store/zr9247sa6g9cxxci60gfd5pls23pnfgr-beads-1.0.3"
      },
      "system": "aarch64-linux",
      "group": "toplevel",
      "priority": 5
    },
    {
      "attr_path": "beads",
      "broken": false,
      "derivation": "/nix/store/7jajr648daanvjzy4fdzwiw1qc3njm46-beads-1.0.3.drv",
      "description": "Lightweight memory system for AI coding agents with graph-based issue tracking",
      "install_id": "beads",
      "license": "MIT",
      "locked_url": "https://github.com/flox/nixpkgs?rev=56c02bc00adcf003215cc4bd996d6efaf4cff188",
      "name": "beads-1.0.3",
      "pname": "beads",
      "rev": "56c02bc00adcf003215cc4bd996d6efaf4cff188",
      "rev_count": 1060451,
      "rev_date": "2026-08-23T15:22:48Z",
      "scrape_date": "2026-08-25T06:00:35.819554Z",
      "stabilities": [
        "unstable"
      ],
      "unfree": false,
      "version": "1.0.3",
      "outputs_to_install": [
        "out"
      ],
      "outputs": {
        "out": "/nix/store/91mzw2pph9ny51z6r46s7wr70x485i11-beads-1.0.3"
      },
      "system": "x86_64-linux",
      "group": "toplevel",
      "priority": 5
    },
    {
      "attr_path": "fd",
      "broken": false,
      "derivation": "/nix/store/9j547jg9274l7ib7dvn5xf7g2jgnk0a4-fd-10.4.2.drv",
      "description": "Simple, fast and user-friendly alternative to find",
      "install_id": "fd",
      "license": "[ Apache-2.0, MIT ]",
      "locked_url": "https://github.com/flox/nixpkgs?rev=56c02bc00adcf003215cc4bd996d6efaf4cff188",
      "name": "fd-10.4.2",
      "pname": "fd",
      "rev": "56c02bc00adcf003215cc4bd996d6efaf4cff188",
      "rev_count": 1060451,
      "rev_date": "2026-08-23T15:22:48Z",
      "scrape_date": "2026-08-25T04:56:37.414397Z",
      "stabilities": [
        "unstable"
      ],
      "unfree": false,
      "version": "10.4.2",
      "outputs_to_install": [
        "out"
      ],
      "outputs": {
        "out": "/nix/store/01jz366sxvv54aagrwf65a8c03aim3wm-fd-10.4.2"
      },
      "system": "aarch64-darwin",
      "group": "toplevel",
      "priority": 5
    },
    {
      "attr_path": "fd",
      "broken": false,
      "derivation": "/nix/store/33y8vpc41dnd45hwbvi210fv19zgcqq7-fd-10.4.2.drv",
      "description": "Simple, fast and user-friendly alternative to find",
      "install_id": "fd",
      "license": "[ Apache-2.0, MIT ]",
      "locked_url": "https://github.com/flox/nixpkgs?rev=56c02bc00adcf003215cc4bd996d6efaf4cff188",
      "name": "fd-10.4.2",
      "pname": "fd",
      "rev": "56c02bc00adcf003215cc4bd996d6efaf4cff188",
      "rev_count": 1060451,
      "rev_date": "2026-08-23T15:22:48Z",
      "scrape_date": "2026-08-25T05:27:22.856Z",
      "stabilities": [
        "unstable"
      ],
      "unfree": false,
      "version": "10.4.2",
      "outputs_to_install": [
        "out"
      ],
      "outputs": {
        "out": "/nix/store/wzfv0yqhpm9wxgh2dg0rhpnl0m0z8czb-fd-10.4.2"
      },
      "system": "aarch64-linux",
      "group": "toplevel",
      "priority": 5
    },
    {
      "attr_path": "fd",
      "broken": false,
      "derivation": "/nix/store/02gwpxyarxcakxwi4vysw4c10bzqv17g-fd-10.4.2.drv",
      "description": "Simple, fast and user-friendly alternative to find",
      "install_id": "fd",
      "license": "[ Apache-2.0, MIT ]",
      "locked_url": "https://github.com/flox/nixpkgs?rev=56c02bc00adcf003215cc4bd996d6efaf4cff188",
      "name": "fd-10.4.2",
      "pname": "fd",
      "rev": "56c02bc00adcf003215cc4bd996d6efaf4cff188",
      "rev_count": 1060451,
      "rev_date": "2026-08-23T15:22:48Z",
      "scrape_date": "2026-08-25T06:00:37.223108Z",
      "stabilities": [
        "unstable"
      ],
      "unfree": false,
      "version": "10.4.2",
      "outputs_to_install": [
        "out"
      ],
      "outputs": {
        "out": "/nix/store/lkxaqcwwhnkkkgj5czjb6mh0mvk2q5zs-fd-10.4.2"
      },
      "system": "x86_64-linux",
      "group": "toplevel",
      "priority": 5
    },
    {
      "attr_path": "git-crypt",
      "broken": false,
      "derivation": "/nix/store/y6rjfinvimlqswcgqq3xyd7m9bbk3q2i-git-crypt-0.8.0.drv",
      "description": "Transparent file encryption in git",
      "install_id": "git-crypt",
      "license": "GPL-3.0-or-later",
      "locked_url": "https://github.com/flox/nixpkgs?rev=56c02bc00adcf003215cc4bd996d6efaf4cff188",
      "name": "git-crypt-0.8.0",
      "pname": "git-crypt",
      "rev": "56c02bc00adcf003215cc4bd996d6efaf4cff188",
      "rev_count": 1060451,
      "rev_date": "2026-08-23T15:22:48Z",
      "scrape_date": "2026-08-25T04:56:37.760761Z",
      "stabilities": [
        "unstable"
      ],
      "unfree": false,
      "version": "0.8.0",
      "outputs_to_install": [
        "out"
      ],
      "outputs": {
        "out": "/nix/store/aw1lki7bq1flv7h69prqyd5957ifxmm3-git-crypt-0.8.0"
      },
      "system": "aarch64-darwin",
      "group": "toplevel",
      "priority": 5
    },
    {
      "attr_path": "git-crypt",
      "broken": false,
      "derivation": "/nix/store/l3zkyy3r7fs5k5ipr94j3r82dr9n2n8m-git-crypt-0.8.0.drv",
      "description": "Transparent file encryption in git",
      "install_id": "git-crypt",
      "license": "GPL-3.0-or-later",
      "locked_url": "https://github.com/flox/nixpkgs?rev=56c02bc00adcf003215cc4bd996d6efaf4cff188",
      "name": "git-crypt-0.8.0",
      "pname": "git-crypt",
      "rev": "56c02bc00adcf003215cc4bd996d6efaf4cff188",
      "rev_count": 1060451,
      "rev_date": "2026-08-23T15:22:48Z",
      "scrape_date": "2026-08-25T05:27:23.432797Z",
      "stabilities": [
        "unstable"
      ],
      "unfree": false,
      "version": "0.8.0",
      "outputs_to_install": [
        "out"
      ],
      "outputs": {
        "out": "/nix/store/hngw9l34m94lck98vidng5lzlx4fyc16-git-crypt-0.8.0"
      },
      "system": "aarch64-linux",
      "group": "toplevel",
      "priority": 5
    },
    {
      "attr_path": "git-crypt",
      "broken": false,
      "derivation": "/nix/store/592wblpzdmfk7s4z87wmhz2lzbxx6fj3-git-crypt-0.8.0.drv",
      "description": "Transparent file encryption in git",
      "install_id": "git-crypt",
      "license": "GPL-3.0-or-later",
      "locked_url": "https://github.com/flox/nixpkgs?rev=56c02bc00adcf003215cc4bd996d6efaf4cff188",
      "name": "git-crypt-0.8.0",
      "pname": "git-crypt",
      "rev": "56c02bc00adcf003215cc4bd996d6efaf4cff188",
      "rev_count": 1060451,
      "rev_date": "2026-08-23T15:22:48Z",
      "scrape_date": "2026-08-25T06:00:37.843547Z",
      "stabilities": [
        "unstable"
      ],
      "unfree": false,
      "version": "0.8.0",
      "outputs_to_install": [
        "out"
      ],
      "outputs": {
        "out": "/nix/store/3201q0mbb20iqjw22wccjmcbq0q55ccg-git-crypt-0.8.0"
      },
      "system": "x86_64-linux",
      "group": "toplevel",
      "priority": 5
    },
    {
      "attr_path": "gitleaks",
      "broken": false,
      "derivation": "/nix/store/kkg3c4vwcrf3jbdicnh8z5mn91qmfm03-gitleaks-8.30.1.drv",
      "description": "Scan git repos (or files) for secrets",
      "install_id": "gitleaks",
      "license": "MIT",
      "locked_url": "https://github.com/flox/nixpkgs?rev=56c02bc00adcf003215cc4bd996d6efaf4cff188",
      "name": "gitleaks-8.30.1",
      "pname": "gitleaks",
      "rev": "56c02bc00adcf003215cc4bd996d6efaf4cff188",
      "rev_count": 1060451,
      "rev_date": "2026-08-23T15:22:48Z",
      "scrape_date": "2026-08-25T04:56:37.839770Z",
      "stabilities": [
        "unstable"
      ],
      "unfree": false,
      "version": "8.30.1",
      "outputs_to_install": [
        "out"
      ],
      "outputs": {
        "out": "/nix/store/0zilxn1s7vskm1b8jxbyic99aql7zzaq-gitleaks-8.30.1"
      },
      "system": "aarch64-darwin",
      "group": "toplevel",
      "priority": 5
    },
    {
      "attr_path": "gitleaks",
      "broken": false,
      "derivation": "/nix/store/ccqv46qcsca6yla7mdic4iwajsag5697-gitleaks-8.30.1.drv",
      "description": "Scan git repos (or files) for secrets",
      "install_id": "gitleaks",
      "license": "MIT",
      "locked_url": "https://github.com/flox/nixpkgs?rev=56c02bc00adcf003215cc4bd996d6efaf4cff188",
      "name": "gitleaks-8.30.1",
      "pname": "gitleaks",
      "rev": "56c02bc00adcf003215cc4bd996d6efaf4cff188",
      "rev_count": 1060451,
      "rev_date": "2026-08-23T15:22:48Z",
      "scrape_date": "2026-08-25T05:27:23.508580Z",
      "stabilities": [
        "unstable"
      ],
      "unfree": false,
      "version": "8.30.1",
      "outputs_to_install": [
        "out"
      ],
      "outputs": {
        "out": "/nix/store/7fbpgnngix9bnqgflzfybz2i8nrr8cmj-gitleaks-8.30.1"
      },
      "system": "aarch64-linux",
      "group": "toplevel",
      "priority": 5
    },
    {
      "attr_path": "gitleaks",
      "broken": false,
      "derivation": "/nix/store/kdfb45k3y1czqn6fc208lhwdpz3smydj-gitleaks-8.30.1.drv",
      "description": "Scan git repos (or files) for secrets",
      "install_id": "gitleaks",
      "license": "MIT",
      "locked_url": "https://github.com/flox/nixpkgs?rev=56c02bc00adcf003215cc4bd996d6efaf4cff188",
      "name": "gitleaks-8.30.1",
      "pname": "gitleaks",
      "rev": "56c02bc00adcf003215cc4bd996d6efaf4cff188",
      "rev_count": 1060451,
      "rev_date": "2026-08-23T15:22:48Z",
      "scrape_date": "2026-08-25T06:00:37.910948Z",
      "stabilities": [
        "unstable"
      ],
      "unfree": false,
      "version": "8.30.1",
      "outputs_to_install": [
        "out"
      ],
      "outputs": {
        "out": "/nix/store/dmi3zxbmff31nb0j6y24wi2055k7ahsw-gitleaks-8.30.1"
      },
      "system": "x86_64-linux",
      "group": "toplevel",
      "priority": 5
    },
    {
      "attr_path": "jq",
      "broken": false,
      "derivation": "/nix/store/kc5z159qmg1j4cy0fa057kpj3wp4r5l3-jq-1.8.2.drv",
      "description": "Lightweight and flexible command-line JSON processor",
      "install_id": "jq",
      "license": "MIT",
      "locked_url": "https://github.com/flox/nixpkgs?rev=56c02bc00adcf003215cc4bd996d6efaf4cff188",
      "name": "jq-1.8.2",
      "pname": "jq",
      "rev": "56c02bc00adcf003215cc4bd996d6efaf4cff188",
      "rev_count": 1060451,
      "rev_date": "2026-08-23T15:22:48Z",
      "scrape_date": "2026-08-25T04:56:53.719659Z",
      "stabilities": [
        "unstable"
      ],
      "unfree": false,
      "version": "1.8.2",
      "outputs_to_install": [
        "bin",
        "man"
      ],
      "outputs": {
        "bin": "/nix/store/0rh3h4zp6zfpyrprc5nhv8fr6fimif20-jq-1.8.2-bin",
        "dev": "/nix/store/n9k1113nhr98lj127dybfjc47ywvwkzq-jq-1.8.2-dev",
        "doc": "/nix/store/c2mfv51inycd1m1h23wrq0xrmqma1n01-jq-1.8.2-doc",
        "man": "/nix/store/mvjwlxlr8jjy0qk6hhbiz7sc4c34qbyp-jq-1.8.2-man",
        "out": "/nix/store/kn0zwf9xffzj4j9rf2iw8zqqgp5r81pa-jq-1.8.2"
      },
      "system": "aarch64-darwin",
      "group": "toplevel",
      "priority": 5
    },
    {
      "attr_path": "jq",
      "broken": false,
      "derivation": "/nix/store/lzi50j8lg28xgggrba2g4lrcn5ql5z56-jq-1.8.2.drv",
      "description": "Lightweight and flexible command-line JSON processor",
      "install_id": "jq",
      "license": "MIT",
      "locked_url": "https://github.com/flox/nixpkgs?rev=56c02bc00adcf003215cc4bd996d6efaf4cff188",
      "name": "jq-1.8.2",
      "pname": "jq",
      "rev": "56c02bc00adcf003215cc4bd996d6efaf4cff188",
      "rev_count": 1060451,
      "rev_date": "2026-08-23T15:22:48Z",
      "scrape_date": "2026-08-25T05:27:44.077884Z",
      "stabilities": [
        "unstable"
      ],
      "unfree": false,
      "version": "1.8.2",
      "outputs_to_install": [
        "bin",
        "bin",
        "man"
      ],
      "outputs": {
        "bin": "/nix/store/idak61zxiv384i26xpk1rgq17bwfpk74-jq-1.8.2-bin",
        "dev": "/nix/store/r9zn83ni06rdzkns9rya2ajvasvjwg14-jq-1.8.2-dev",
        "doc": "/nix/store/i31dp26h347cnzh3bj6spay6kydgg0vp-jq-1.8.2-doc",
        "man": "/nix/store/xha52gqb3ghchsgzff2ivn4vzndf1ap9-jq-1.8.2-man",
        "out": "/nix/store/p6gmwpax6i1pbvcpqxg51swl5zn6lrrw-jq-1.8.2"
      },
      "system": "aarch64-linux",
      "group": "toplevel",
      "priority": 5
    },
    {
      "attr_path": "jq",
      "broken": false,
      "derivation": "/nix/store/ah6860fcg10q4krlwgqg957pln19xin6-jq-1.8.2.drv",
      "description": "Lightweight and flexible command-line JSON processor",
      "install_id": "jq",
      "license": "MIT",
      "locked_url": "https://github.com/flox/nixpkgs?rev=56c02bc00adcf003215cc4bd996d6efaf4cff188",
      "name": "jq-1.8.2",
      "pname": "jq",
      "rev": "56c02bc00adcf003215cc4bd996d6efaf4cff188",
      "rev_count": 1060451,
      "rev_date": "2026-08-23T15:22:48Z",
      "scrape_date": "2026-08-25T06:00:59.101370Z",
      "stabilities": [
        "unstable"
      ],
      "unfree": false,
      "version": "1.8.2",
      "outputs_to_install": [
        "bin",
        "bin",
        "man"
      ],
      "outputs": {
        "bin": "/nix/store/25pcd19xk5ff8ybjslsips4g7yv06fxl-jq-1.8.2-bin",
        "dev": "/nix/store/l9wkilihbd6xg5f7dmwzyxjlmaly45ib-jq-1.8.2-dev",
        "doc": "/nix/store/78aafabrskd5il1l06lhbqi7jzd8pknh-jq-1.8.2-doc",
        "man": "/nix/store/azzak4596lzn8kc48pij8kdjn0b2pwnx-jq-1.8.2-man",
        "out": "/nix/store/rj3zms0wpcp1q5vcbin93w3jyg2rdj84-jq-1.8.2"
      },
      "system": "x86_64-linux",
      "group": "toplevel",
      "priority": 5
    },
    {
      "attr_path": "nodejs_24",
      "broken": false,
      "derivation": "/nix/store/qfiblm3mivfpj9ip34lp74hii5vga2cs-nodejs-24.19.0.drv",
      "description": "Event-driven I/O framework for the V8 JavaScript engine",
      "install_id": "nodejs",
      "license": "MIT",
      "locked_url": "https://github.com/flox/nixpkgs?rev=56c02bc00adcf003215cc4bd996d6efaf4cff188",
      "name": "nodejs-24.19.0",
      "pname": "nodejs_24",
      "rev": "56c02bc00adcf003215cc4bd996d6efaf4cff188",
      "rev_count": 1060451,
      "rev_date": "2026-08-23T15:22:48Z",
      "scrape_date": "2026-08-25T04:57:01.623175Z",
      "stabilities": [
        "unstable"
      ],
      "unfree": false,
      "version": "24.19.0",
      "outputs_to_install": [
        "out",
        "out"
      ],
      "outputs": {
        "out": "/nix/store/7cvylnf8wf3r89hb983binvjb142sgkd-nodejs-24.19.0"
      },
      "system": "aarch64-darwin",
      "group": "toplevel",
      "priority": 5
    },
    {
      "attr_path": "nodejs_24",
      "broken": false,
      "derivation": "/nix/store/w6c4ky2sn4v19hss0kn9snkq5wkvp2jb-nodejs-24.19.0.drv",
      "description": "Event-driven I/O framework for the V8 JavaScript engine",
      "install_id": "nodejs",
      "license": "MIT",
      "locked_url": "https://github.com/flox/nixpkgs?rev=56c02bc00adcf003215cc4bd996d6efaf4cff188",
      "name": "nodejs-24.19.0",
      "pname": "nodejs_24",
      "rev": "56c02bc00adcf003215cc4bd996d6efaf4cff188",
      "rev_count": 1060451,
      "rev_date": "2026-08-23T15:22:48Z",
      "scrape_date": "2026-08-25T05:28:00.248829Z",
      "stabilities": [
        "unstable"
      ],
      "unfree": false,
      "version": "24.19.0",
      "outputs_to_install": [
        "out",
        "out"
      ],
      "outputs": {
        "out": "/nix/store/d76wsd4rm85sdv1xawqp404l2bm2k4l1-nodejs-24.19.0"
      },
      "system": "aarch64-linux",
      "group": "toplevel",
      "priority": 5
    },
    {
      "attr_path": "nodejs_24",
      "broken": false,
      "derivation": "/nix/store/px8hj7awj6ffpcamsaf95ywrmnn8n6aq-nodejs-24.19.0.drv",
      "description": "Event-driven I/O framework for the V8 JavaScript engine",
      "install_id": "nodejs",
      "license": "MIT",
      "locked_url": "https://github.com/flox/nixpkgs?rev=56c02bc00adcf003215cc4bd996d6efaf4cff188",
      "name": "nodejs-24.19.0",
      "pname": "nodejs_24",
      "rev": "56c02bc00adcf003215cc4bd996d6efaf4cff188",
      "rev_count": 1060451,
      "rev_date": "2026-08-23T15:22:48Z",
      "scrape_date": "2026-08-25T06:01:18.032405Z",
      "stabilities": [
        "unstable"
      ],
      "unfree": false,
      "version": "24.19.0",
      "outputs_to_install": [
        "out",
        "out"
      ],
      "outputs": {
        "out": "/nix/store/glcp73hgagq2b24i80jlgbvj28vdb6kk-nodejs-24.19.0"
      },
      "system": "x86_64-linux",
      "group": "toplevel",
      "priority": 5
    },
    {
      "attr_path": "prek",
      "broken": false,
      "derivation": "/nix/store/r17h7zfiji46kwcpivp3d72apfcy056w-prek-0.4.14.drv",
      "description": "Better `pre-commit`, re-engineered in Rust ",
      "install_id": "prek",
      "license": "MIT",
      "locked_url": "https://github.com/flox/nixpkgs?rev=56c02bc00adcf003215cc4bd996d6efaf4cff188",
      "name": "prek-0.4.14",
      "pname": "prek",
      "rev": "56c02bc00adcf003215cc4bd996d6efaf4cff188",
      "rev_count": 1060451,
      "rev_date": "2026-08-23T15:22:48Z",
      "scrape_date": "2026-08-25T04:57:18.148925Z",
      "stabilities": [
        "unstable"
      ],
      "unfree": false,
      "version": "0.4.14",
      "outputs_to_install": [
        "out"
      ],
      "outputs": {
        "out": "/nix/store/7n8mgszynxys8r788k2cqcl5xbbdjka8-prek-0.4.14"
      },
      "system": "aarch64-darwin",
      "group": "toplevel",
      "priority": 5
    },
    {
      "attr_path": "prek",
      "broken": false,
      "derivation": "/nix/store/a41zp8q3sp739rq3ng4xxaf523fds0iq-prek-0.4.14.drv",
      "description": "Better `pre-commit`, re-engineered in Rust ",
      "install_id": "prek",
      "license": "MIT",
      "locked_url": "https://github.com/flox/nixpkgs?rev=56c02bc00adcf003215cc4bd996d6efaf4cff188",
      "name": "prek-0.4.14",
      "pname": "prek",
      "rev": "56c02bc00adcf003215cc4bd996d6efaf4cff188",
      "rev_count": 1060451,
      "rev_date": "2026-08-23T15:22:48Z",
      "scrape_date": "2026-08-25T05:28:21.525366Z",
      "stabilities": [
        "unstable"
      ],
      "unfree": false,
      "version": "0.4.14",
      "outputs_to_install": [
        "out"
      ],
      "outputs": {
        "out": "/nix/store/ldnw917aqvyxcxg9mr7fyxbvhyjyz7j7-prek-0.4.14"
      },
      "system": "aarch64-linux",
      "group": "toplevel",
      "priority": 5
    },
    {
      "attr_path": "prek",
      "broken": false,
      "derivation": "/nix/store/q6z2k2jw3vvd65l2lpaqag103328vv5s-prek-0.4.14.drv",
      "description": "Better `pre-commit`, re-engineered in Rust ",
      "install_id": "prek",
      "license": "MIT",
      "locked_url": "https://github.com/flox/nixpkgs?rev=56c02bc00adcf003215cc4bd996d6efaf4cff188",
      "name": "prek-0.4.14",
      "pname": "prek",
      "rev": "56c02bc00adcf003215cc4bd996d6efaf4cff188",
      "rev_count": 1060451,
      "rev_date": "2026-08-23T15:22:48Z",
      "scrape_date": "2026-08-25T06:01:39.582339Z",
      "stabilities": [
        "unstable"
      ],
      "unfree": false,
      "version": "0.4.14",
      "outputs_to_install": [
        "out"
      ],
      "outputs": {
        "out": "/nix/store/n7cq6kxkq64jgm1bs952ibl64l0181x1-prek-0.4.14"
      },
      "system": "x86_64-linux",
      "group": "toplevel",
      "priority": 5
    }
  ]
}
